
Microsoft Visual Studio Solution File, Format Version 12.00
# Visual Studio Version 17
VisualStudioVersion = 17.14.36804.6 d17.14
MinimumVisualStudioVersion = 10.0.40219.1
Project("{F184B08F-C81C-45F6-A57F-5ABD9991F28F}") = "KasirTokoSparepartDiaz", "KasirTokoSparepartDiaz\KasirTokoSparepartDiaz.vbproj", "{E086CF6F-CE36-430C-A1C6-063862FF109F}"
EndProject
Global
	GlobalSection(SolutionConfigurationPlatforms) = preSolution
		Debug|Any CPU = Debug|Any CPU
		Release|Any CPU = Release|Any CPU
	EndGlobalSection
	GlobalSection(ProjectConfigurationPlatforms) = postSolution
		{E086CF6F-CE36-430C-A1C6-063862FF109F}.Debug|Any CPU.ActiveCfg = Debug|Any CPU
		{E086CF6F-CE36-430C-A1C6-063862FF109F}.Debug|Any CPU.Build.0 = Debug|Any CPU
		{E086CF6F-CE36-430C-A1C6-063862FF109F}.Release|Any CPU.ActiveCfg = Release|Any CPU
		{E086CF6F-CE36-430C-A1C6-063862FF109F}.Release|Any CPU.Build.0 = Release|Any CPU
	EndGlobalSection
	GlobalSection(SolutionProperties) = preSolution
		HideSolutionNode = FALSE
	EndGlobalSection
	GlobalSection(ExtensibilityGlobals) = postSolution
		SolutionGuid = {6240A3AD-F9ED-4786-8C35-CE76B43267F4}
	EndGlobalSection
EndGlobal
